
Microsoft Visual Studio Solution File, Format Version 12.00
# Visual Studio Version 17
VisualStudioVersion = 17.7.34221.43
MinimumVisualStudioVersion = 10.0.40219.1
Project("{FAE04EC0-301F-11D3-BF4B-00C04F79EFBC}") = "RestaurantProject", "RestaurantProject\RestaurantProject.csproj", "{9F3DD648-E5E4-4DE6-9227-1BDDFB85FF07}"
EndProject
Global
	GlobalSection(SolutionConfigurationPlatforms) = preSolution
		Debug|Any CPU = Debug|Any CPU
		Release|Any CPU = Release|Any CPU
	EndGlobalSection
	GlobalSection(ProjectConfigurationPlatforms) = postSolution
		{9F3DD648-E5E4-4DE6-9227-1BDDFB85FF07}.Debug|Any CPU.ActiveCfg = Debug|Any CPU
		{9F3DD648-E5E4-4DE6-9227-1BDDFB85FF07}.Debug|Any CPU.Build.0 = Debug|Any CPU
		{9F3DD648-E5E4-4DE6-9227-1BDDFB85FF07}.Release|Any CPU.ActiveCfg = Release|Any CPU
		{9F3DD648-E5E4-4DE6-9227-1BDDFB85FF07}.Release|Any CPU.Build.0 = Release|Any CPU
	EndGlobalSection
	GlobalSection(SolutionProperties) = preSolution
		HideSolutionNode = FALSE
	EndGlobalSection
	GlobalSection(ExtensibilityGlobals) = postSolution
		SolutionGuid = {C8BC2512-DA0E-403B-9D9F-83A31613D487}
	EndGlobalSection
EndGlobal
